
Microsoft Visual Studio Solution File, Format Version 12.00
# Visual Studio Version 17
VisualStudioVersion = 17.1.32421.90
MinimumVisualStudioVersion = 10.0.40219.1
Project("{FAE04EC0-301F-11D3-BF4B-00C04F79EFBC}") = "Nir-Animal-Farm", "Nir-Animal-Farm.csproj", "{5EF4AC8A-9795-49DA-8B01-8FBED45895EA}"
EndProject
Global
	GlobalSection(SolutionConfigurationPlatforms) = preSolution
		Debug|Any CPU = Debug|Any CPU
		Release|Any CPU = Release|Any CPU
	EndGlobalSection
	GlobalSection(ProjectConfigurationPlatforms) = postSolution
		{5EF4AC8A-9795-49DA-8B01-8FBED45895EA}.Debug|Any CPU.ActiveCfg = Debug|Any CPU
		{5EF4AC8A-9795-49DA-8B01-8FBED45895EA}.Debug|Any CPU.Build.0 = Debug|Any CPU
		{5EF4AC8A-9795-49DA-8B01-8FBED45895EA}.Release|Any CPU.ActiveCfg = Release|Any CPU
		{5EF4AC8A-9795-49DA-8B01-8FBED45895EA}.Release|Any CPU.Build.0 = Release|Any CPU
	EndGlobalSection
	GlobalSection(SolutionProperties) = preSolution
		HideSolutionNode = FALSE
	EndGlobalSection
	GlobalSection(ExtensibilityGlobals) = postSolution
		SolutionGuid = {EA0633EF-F72E-4A02-860F-A4B332044F55}
	EndGlobalSection
EndGlobal
